
Microsoft Visual Studio Solution File, Format Version 12.00
Project("{FAE04EC0-301F-11D3-BF4B-00C04F79EFBC}") = "FirstProject", "FirstProject\FirstProject.csproj", "{41AB4252-C411-484A-A7AB-727F45C8C145}"
EndProject
Global
	GlobalSection(SolutionConfigurationPlatforms) = preSolution
		Debug|Any CPU = Debug|Any CPU
		Release|Any CPU = Release|Any CPU
	EndGlobalSection
	GlobalSection(ProjectConfigurationPlatforms) = postSolution
		{41AB4252-C411-484A-A7AB-727F45C8C145}.Debug|Any CPU.ActiveCfg = Debug|Any CPU
		{41AB4252-C411-484A-A7AB-727F45C8C145}.Debug|Any CPU.Build.0 = Debug|Any CPU
		{41AB4252-C411-484A-A7AB-727F45C8C145}.Release|Any CPU.ActiveCfg = Release|Any CPU
		{41AB4252-C411-484A-A7AB-727F45C8C145}.Release|Any CPU.Build.0 = Release|Any CPU
	EndGlobalSection
EndGlobal
